
Microsoft Visual Studio Solution File, Format Version 12.00
# Visual Studio Version 17
VisualStudioVersion = 17.0.32112.339
MinimumVisualStudioVersion = 10.0.40219.1
Project("{FAE04EC0-301F-11D3-BF4B-00C04F79EFBC}") = "CapaIntegracion", "CapaIntegracion\CapaIntegracion.csproj", "{50FDB199-429D-4D82-8D52-328E316CE2E2}"
EndProject
Global
	GlobalSection(SolutionConfigurationPlatforms) = preSolution
		Debug|Any CPU = Debug|Any CPU
		Release|Any CPU = Release|Any CPU
	EndGlobalSection
	GlobalSection(ProjectConfigurationPlatforms) = postSolution
		{50FDB199-429D-4D82-8D52-328E316CE2E2}.Debug|Any CPU.ActiveCfg = Debug|Any CPU
		{50FDB199-429D-4D82-8D52-328E316CE2E2}.Debug|Any CPU.Build.0 = Debug|Any CPU
		{50FDB199-429D-4D82-8D52-328E316CE2E2}.Release|Any CPU.ActiveCfg = Release|Any CPU
		{50FDB199-429D-4D82-8D52-328E316CE2E2}.Release|Any CPU.Build.0 = Release|Any CPU
	EndGlobalSection
	GlobalSection(SolutionProperties) = preSolution
		HideSolutionNode = FALSE
	EndGlobalSection
	GlobalSection(ExtensibilityGlobals) = postSolution
		SolutionGuid = {23CEF716-926B-4FCE-BCD8-E9E192A8AA6A}
	EndGlobalSection
EndGlobal
